// !$*UTF8*$!
{
	archiveVersion = 1;
	classes = {
	};
	objectVersion = 48;
	objects = {

/* Begin PBXBuildFile section */
		5F22E8A51FC5C462005D7530 /* AppDelegate.swift in Sources */ = {isa = PBXBuildFile; fileRef = 5F22E8A41FC5C462005D7530 /* AppDelegate.swift */; };
		5F22E8A71FC5C462005D7530 /* ViewController.swift in Sources */ = {isa = PBXBuildFile; fileRef = 5F22E8A61FC5C462005D7530 /* ViewController.swift */; };
		5F22E8AA1FC5C463005D7530 /* Main.storyboard in Resources */ = {isa = PBXBuildFile; fileRef = 5F22E8A81FC5C463005D7530 /* Main.storyboard */; };
		5F22E8AC1FC5C463005D7530 /* Assets.xcassets in Resources */ = {isa = PBXBuildFile; fileRef = 5F22E8AB1FC5C463005D7530 /* Assets.xcassets */; };
		5F22E8AF1FC5C463005D7530 /* LaunchScreen.storyboard in Resources */ = {isa = PBXBuildFile; fileRef = 5F22E8AD1FC5C463005D7530 /* LaunchScreen.storyboard */; };
		5F5DF18E1FD327A9004196F5 /* SettingsViewController.swift in Sources */ = {isa = PBXBuildFile; fileRef = 5F5DF18D1FD327A9004196F5 /* SettingsViewController.swift */; };
		5F5DF1901FD33457004196F5 /* CustomSlider.swift in Sources */ = {isa = PBXBuildFile; fileRef = 5F5DF18F1FD33457004196F5 /* CustomSlider.swift */; };
		5FC3EA801FC74B3D00CB44A8 /* Speech.framework in Frameworks */ = {isa = PBXBuildFile; fileRef = 5FC3EA7E1FC73C0A00CB44A8 /* Speech.framework */; settings = {ATTRIBUTES = (Weak, ); }; };
/* End PBXBuildFile section */

/* Begin PBXFileReference section */
		5F22E8A11FC5C462005D7530 /* STT and TTS.app */ = {isa = PBXFileReference; explicitFileType = wrapper.application; includeInIndex = 0; path = "STT and TTS.app"; sourceTree = BUILT_PRODUCTS_DIR; };
		5F22E8A41FC5C462005D7530 /* AppDelegate.swift */ = {isa = PBXFileReference; lastKnownFileType = sourcecode.swift; path = AppDelegate.swift; sourceTree = "<group>"; };
		5F22E8A61FC5C462005D7530 /* ViewController.swift */ = {isa = PBXFileReference; lastKnownFileType = sourcecode.swift; path = ViewController.swift; sourceTree = "<group>"; };
		5F22E8A91FC5C463005D7530 /* Base */ = {isa = PBXFileReference; lastKnownFileType = file.storyboard; name = Base; path = Base.lproj/Main.storyboard; sourceTree = "<group>"; };
		5F22E8AB1FC5C463005D7530 /* Assets.xcassets */ = {isa = PBXFileReference; lastKnownFileType = folder.assetcatalog; path = Assets.xcassets; sourceTree = "<group>"; };
		5F22E8AE1FC5C463005D7530 /* Base */ = {isa = PBXFileReference; lastKnownFileType = file.storyboard; name = Base; path = Base.lproj/LaunchScreen.storyboard; sourceTree = "<group>"; };
		5F22E8B01FC5C463005D7530 /* Info.plist */ = {isa = PBXFileReference; lastKnownFileType = text.plist.xml; path = Info.plist; sourceTree = "<group>"; };
		5F5DF18D1FD327A9004196F5 /* SettingsViewController.swift */ = {isa = PBXFileReference; lastKnownFileType = sourcecode.swift; path = SettingsViewController.swift; sourceTree = "<group>"; };
		5F5DF18F1FD33457004196F5 /* CustomSlider.swift */ = {isa = PBXFileReference; lastKnownFileType = sourcecode.swift; path = CustomSlider.swift; sourceTree = "<group>"; };
		5FC3EA7E1FC73C0A00CB44A8 /* Speech.framework */ = {isa = PBXFileReference; lastKnownFileType = wrapper.framework; name = Speech.framework; path = System/Library/Frameworks/Speech.framework; sourceTree = SDKROOT; };
/* End PBXFileReference section */

/* Begin PBXFrameworksBuildPhase section */
		5F22E89E1FC5C462005D7530 /* Frameworks */ = {
			isa = PBXFrameworksBuildPhase;
			buildActionMask = 2147483647;
			files = (
				5FC3EA801FC74B3D00CB44A8 /* Speech.framework in Frameworks */,
			);
			runOnlyForDeploymentPostprocessing = 0;
		};
/* End PBXFrameworksBuildPhase section */

/* Begin PBXGroup section */
		5F22E8981FC5C462005D7530 = {
			isa = PBXGroup;
			children = (
				5F22E8A31FC5C462005D7530 /* STT and TTS */,
				5F22E8A21FC5C462005D7530 /* Products */,
				5FC3EA7D1FC73C0800CB44A8 /* Frameworks */,
			);
			sourceTree = "<group>";
		};
		5F22E8A21FC5C462005D7530 /* Products */ = {
			isa = PBXGroup;
			children = (
				5F22E8A11FC5C462005D7530 /* STT and TTS.app */,
			);
			name = Products;
			sourceTree = "<group>";
		};
		5F22E8A31FC5C462005D7530 /* STT and TTS */ = {
			isa = PBXGroup;
			children = (
				5F22E8A41FC5C462005D7530 /* AppDelegate.swift */,
				5F22E8A61FC5C462005D7530 /* ViewController.swift */,
				5F5DF18D1FD327A9004196F5 /* SettingsViewController.swift */,
				5F22E8A81FC5C463005D7530 /* Main.storyboard */,
				5F22E8AB1FC5C463005D7530 /* Assets.xcassets */,
				5F22E8AD1FC5C463005D7530 /* LaunchScreen.storyboard */,
				5F22E8B01FC5C463005D7530 /* Info.plist */,
				5F5DF18F1FD33457004196F5 /* CustomSlider.swift */,
			);
			path = "STT and TTS";
			sourceTree = "<group>";
		};
		5FC3EA7D1FC73C0800CB44A8 /* Frameworks */ = {
			isa = PBXGroup;
			children = (
				5FC3EA7E1FC73C0A00CB44A8 /* Speech.framework */,
			);
			name = Frameworks;
			sourceTree = "<group>";
		};
/* End PBXGroup section */

/* Begin PBXNativeTarget section */
		5F22E8A01FC5C462005D7530 /* STT and TTS */ = {
			isa = PBXNativeTarget;
			buildConfigurationList = 5F22E8B31FC5C463005D7530 /* Build configuration list for PBXNativeTarget "STT and TTS" */;
			buildPhases = (
				5F22E89D1FC5C462005D7530 /* Sources */,
				5F22E89E1FC5C462005D7530 /* Frameworks */,
				5F22E89F1FC5C462005D7530 /* Resources */,
			);
			buildRules = (
			);
			dependencies = (
			);
			name = "STT and TTS";
			productName = "STT and TTS";
			productReference = 5F22E8A11FC5C462005D7530 /* STT and TTS.app */;
			productType = "com.apple.product-type.application";
		};
/* End PBXNativeTarget section */

/* Begin PBXProject section */
		5F22E8991FC5C462005D7530 /* Project object */ = {
			isa = PBXProject;
			attributes = {
				LastSwiftUpdateCheck = 0910;
				LastUpgradeCheck = 0910;
				ORGANIZATIONNAME = emirhaktan;
				TargetAttributes = {
					5F22E8A01FC5C462005D7530 = {
						CreatedOnToolsVersion = 9.1;
						ProvisioningStyle = Automatic;
					};
				};
			};
			buildConfigurationList = 5F22E89C1FC5C462005D7530 /* Build configuration list for PBXProject "STT and TTS" */;
			compatibilityVersion = "Xcode 8.0";
			developmentRegion = en;
			hasScannedForEncodings = 0;
			knownRegions = (
				en,
				Base,
			);
			mainGroup = 5F22E8981FC5C462005D7530;
			productRefGroup = 5F22E8A21FC5C462005D7530 /* Products */;
			projectDirPath = "";
			projectRoot = "";
			targets = (
				5F22E8A01FC5C462005D7530 /* STT and TTS */,
			);
		};
/* End PBXProject section */

/* Begin PBXResourcesBuildPhase section */
		5F22E89F1FC5C462005D7530 /* Resources */ = {
			isa = PBXResourcesBuildPhase;
			buildActionMask = 2147483647;
			files = (
				5F22E8AF1FC5C463005D7530 /* LaunchScreen.storyboard in Resources */,
				5F22E8AC1FC5C463005D7530 /* Assets.xcassets in Resources */,
				5F22E8AA1FC5C463005D7530 /* Main.storyboard in Resources */,
			);
			runOnlyForDeploymentPostprocessing = 0;
		};
/* End PBXResourcesBuildPhase section */

/* Begin PBXSourcesBuildPhase section */
		5F22E89D1FC5C462005D7530 /* Sources */ = {
			isa = PBXSourcesBuildPhase;
			buildActionMask = 2147483647;
			files = (
				5F22E8A71FC5C462005D7530 /* ViewController.swift in Sources */,
				5F22E8A51FC5C462005D7530 /* AppDelegate.swift in Sources */,
				5F5DF18E1FD327A9004196F5 /* SettingsViewController.swift in Sources */,
				5F5DF1901FD33457004196F5 /* CustomSlider.swift in Sources */,
			);
			runOnlyForDeploymentPostprocessing = 0;
		};
/* End PBXSourcesBuildPhase section */

/* Begin PBXVariantGroup section */
		5F22E8A81FC5C463005D7530 /* Main.storyboard */ = {
			isa = PBXVariantGroup;
			children = (
				5F22E8A91FC5C463005D7530 /* Base */,
			);
			name = Main.storyboard;
			sourceTree = "<group>";
		};
		5F22E8AD1FC5C463005D7530 /* LaunchScreen.storyboard */ = {
			isa = PBXVariantGroup;
			children = (
				5F22E8AE1FC5C463005D7530 /* Base */,
			);
			name = LaunchScreen.storyboard;
			sourceTree = "<group>";
		};
/* End PBXVariantGroup section */

/* Begin XCBuildConfiguration section */
		5F22E8B11FC5C463005D7530 /* Debug */ = {
			isa = XCBuildConfiguration;
			buildSettings = {
				ALWAYS_SEARCH_USER_PATHS = NO;
				CLANG_ANALYZER_NONNULL = YES;
				CLANG_ANALYZER_NUMBER_OBJECT_CONVERSION = YES_AGGRESSIVE;
				CLANG_CXX_LANGUAGE_STANDARD = "gnu++14";
				CLANG_CXX_LIBRARY = "libc++";
				CLANG_ENABLE_MODULES = YES;
				CLANG_ENABLE_OBJC_ARC = YES;
				CLANG_WARN_BLOCK_CAPTURE_AUTORELEASING = YES;
				CLANG_WARN_BOOL_CONVERSION = YES;
				CLANG_WARN_COMMA = YES;
				CLANG_WARN_CONSTANT_CONVERSION = YES;
				CLANG_WARN_DIRECT_OBJC_ISA_USAGE = YES_ERROR;
				CLANG_WARN_DOCUMENTATION_COMMENTS = YES;
				CLANG_WARN_EMPTY_BODY = YES;
				CLANG_WARN_ENUM_CONVERSION = YES;
				CLANG_WARN_INFINITE_RECURSION = YES;
				CLANG_WARN_INT_CONVERSION = YES;
				CLANG_WARN_NON_LITERAL_NULL_CONVERSION = YES;
				CLANG_WARN_OBJC_LITERAL_CONVERSION = YES;
				CLANG_WARN_OBJC_ROOT_CLASS = YES_ERROR;
				CLANG_WARN_RANGE_LOOP_ANALYSIS = YES;
				CLANG_WARN_STRICT_PROTOTYPES = YES;
				CLANG_WARN_SUSPICIOUS_MOVE = YES;
				CLANG_WARN_UNGUARDED_AVAILABILITY = YES_AGGRESSIVE;
				CLANG_WARN_UNREACHABLE_CODE = YES;
				CLANG_WARN__DUPLICATE_METHOD_MATCH = YES;
				CODE_SIGN_IDENTITY = "iPhone Developer";
				COPY_PHASE_STRIP = NO;
				DEBUG_INFORMATION_FORMAT = dwarf;
				ENABLE_STRICT_OBJC_MSGSEND = YES;
				ENABLE_TESTABILITY = YES;
				GCC_C_LANGUAGE_STANDARD = gnu11;
				GCC_DYNAMIC_NO_PIC = NO;
				GCC_NO_COMMON_BLOCKS = YES;
				GCC_OPTIMIZATION_LEVEL = 0;
				GCC_PREPROCESSOR_DEFINITIONS = (
					"DEBUG=1",
					"$(inherited)",
				);
				GCC_WARN_64_TO_32_BIT_CONVERSION = YES;
				GCC_WARN_ABOUT_RETURN_TYPE = YES_ERROR;
				GCC_WARN_UNDECLARED_SELECTOR = YES;
				GCC_WARN_UNINITIALIZED_AUTOS = YES_AGGRESSIVE;
				GCC_WARN_UNUSED_FUNCTION = YES;
				GCC_WARN_UNUSED_VARIABLE = YES;
				IPHONEOS_DEPLOYMENT_TARGET = 11.1;
				MTL_ENABLE_DEBUG_INFO = YES;
				ONLY_ACTIVE_ARCH = YES;
				SDKROOT = iphoneos;
				SWIFT_ACTIVE_COMPILATION_CONDITIONS = DEBUG;
				SWIFT_OPTIMIZATION_LEVEL = "-Onone";
			};
			name = Debug;
		};
		5F22E8B21FC5C463005D7530 /* Release */ = {
			isa = XCBuildConfiguration;
			buildSettings = {
				ALWAYS_SEARCH_USER_PATHS = NO;
				CLANG_ANALYZER_NONNULL = YES;
				CLANG_ANALYZER_NUMBER_OBJECT_CONVERSION = YES_AGGRESSIVE;
				CLANG_CXX_LANGUAGE_STANDARD = "gnu++14";
				CLANG_CXX_LIBRARY = "libc++";
				CLANG_ENABLE_MODULES = YES;
				CLANG_ENABLE_OBJC_ARC = YES;
				CLANG_WARN_BLOCK_CAPTURE_AUTORELEASING = YES;
				CLANG_WARN_BOOL_CONVERSION = YES;
				CLANG_WARN_COMMA = YES;
				CLANG_WARN_CONSTANT_CONVERSION = YES;
				CLANG_WARN_DIRECT_OBJC_ISA_USAGE = YES_ERROR;
				CLANG_WARN_DOCUMENTATION_COMMENTS = YES;
				CLANG_WARN_EMPTY_BODY = YES;
				CLANG_WARN_ENUM_CONVERSION = YES;
				CLANG_WARN_INFINITE_RECURSION = YES;
				CLANG_WARN_INT_CONVERSION = YES;
				CLANG_WARN_NON_LITERAL_NULL_CONVERSION = YES;
				CLANG_WARN_OBJC_LITERAL_CONVERSION = YES;
				CLANG_WARN_OBJC_ROOT_CLASS = YES_ERROR;
				CLANG_WARN_RANGE_LOOP_ANALYSIS = YES;
				CLANG_WARN_STRICT_PROTOTYPES = YES;
				CLANG_WARN_SUSPICIOUS_MOVE = YES;
				CLANG_WARN_UNGUARDED_AVAILABILITY = YES_AGGRESSIVE;
				CLANG_WARN_UNREACHABLE_CODE = YES;
				CLANG_WARN__DUPLICATE_METHOD_MATCH = YES;
				CODE_SIGN_IDENTITY = "iPhone Developer";
				COPY_PHASE_STRIP = NO;
				DEBUG_INFORMATION_FORMAT = "dwarf-with-dsym";
				ENABLE_NS_ASSERTIONS = NO;
				ENABLE_STRICT_OBJC_MSGSEND = YES;
				GCC_C_LANGUAGE_STANDARD = gnu11;
				GCC_NO_COMMON_BLOCKS = YES;
				GCC_WARN_64_TO_32_BIT_CONVERSION = YES;
				GCC_WARN_ABOUT_RETURN_TYPE = YES_ERROR;
				GCC_WARN_UNDECLARED_SELECTOR = YES;
				GCC_WARN_UNINITIALIZED_AUTOS = YES_AGGRESSIVE;
				GCC_WARN_UNUSED_FUNCTION = YES;
				GCC_WARN_UNUSED_VARIABLE = YES;
				IPHONEOS_DEPLOYMENT_TARGET = 11.1;
				MTL_ENABLE_DEBUG_INFO = NO;
				SDKROOT = iphoneos;
				SWIFT_OPTIMIZATION_LEVEL = "-Owholemodule";
				VALIDATE_PRODUCT = YES;
			};
			name = Release;
		};
		5F22E8B41FC5C463005D7530 /* Debug */ = {
			isa = XCBuildConfiguration;
			buildSettings = {
				ASSETCATALOG_COMPILER_APPICON_NAME = AppIcon;
				CODE_SIGN_STYLE = Automatic;
				DEVELOPMENT_TEAM = 2U24XU78L9;
				INFOPLIST_FILE = "STT and TTS/Info.plist";
				IPHONEOS_DEPLOYMENT_TARGET = 9.0;
				LD_RUNPATH_SEARCH_PATHS = "$(inherited) @executable_path/Frameworks";
				OTHER_LDFLAGS = "";
				PRODUCT_BUNDLE_IDENTIFIER = "com.emirhaktan.STT-and-TTS";
				PRODUCT_NAME = "$(TARGET_NAME)";
				SWIFT_VERSION = 4.0;
				TARGETED_DEVICE_FAMILY = "1,2";
			};
			name = Debug;
		};
		5F22E8B51FC5C463005D7530 /* Release */ = {
			isa = XCBuildConfiguration;
			buildSettings = {
				ASSETCATALOG_COMPILER_APPICON_NAME = AppIcon;
				CODE_SIGN_STYLE = Automatic;
				DEVELOPMENT_TEAM = 2U24XU78L9;
				INFOPLIST_FILE = "STT and TTS/Info.plist";
				IPHONEOS_DEPLOYMENT_TARGET = 9.0;
				LD_RUNPATH_SEARCH_PATHS = "$(inherited) @executable_path/Frameworks";
				OTHER_LDFLAGS = "";
				PRODUCT_BUNDLE_IDENTIFIER = "com.emirhaktan.STT-and-TTS";
				PRODUCT_NAME = "$(TARGET_NAME)";
				SWIFT_VERSION = 4.0;
				TARGETED_DEVICE_FAMILY = "1,2";
			};
			name = Release;
		};
/* End XCBuildConfiguration section */

/* Begin XCConfigurationList section */
		5F22E89C1FC5C462005D7530 /* Build configuration list for PBXProject "STT and TTS" */ = {
			isa = XCConfigurationList;
			buildConfigurations = (
				5F22E8B11FC5C463005D7530 /* Debug */,
				5F22E8B21FC5C463005D7530 /* Release */,
			);
			defaultConfigurationIsVisible = 0;
			defaultConfigurationName = Release;
		};
		5F22E8B31FC5C463005D7530 /* Build configuration list for PBXNativeTarget "STT and TTS" */ = {
			isa = XCConfigurationList;
			buildConfigurations = (
				5F22E8B41FC5C463005D7530 /* Debug */,
				5F22E8B51FC5C463005D7530 /* Release */,
			);
			defaultConfigurationIsVisible = 0;
			defaultConfigurationName = Release;
		};
/* End XCConfigurationList section */
	};
	rootObject = 5F22E8991FC5C462005D7530 /* Project object */;
}
